
Microsoft Visual Studio Solution File, Format Version 12.00
# Visual Studio Version 17
VisualStudioVersion = 17.1.32210.238
MinimumVisualStudioVersion = 10.0.40219.1
Project("{FAE04EC0-301F-11D3-BF4B-00C04F79EFBC}") = "SwitchRepro", "SwitchRepro.csproj", "{A97431DA-27A3-4B58-86B5-F8AC2DE45798}"
EndProject
Project("{2150E333-8FDC-42A3-9474-1A3956D46DE8}") = "Solution Items", "Solution Items", "{EAB5D0A8-A65F-4ABC-8832-E4A6E8285388}"
EndProject
Global
	GlobalSection(SolutionConfigurationPlatforms) = preSolution
		Debug|Any CPU = Debug|Any CPU
		Release|Any CPU = Release|Any CPU
	EndGlobalSection
	GlobalSection(ProjectConfigurationPlatforms) = postSolution
		{A97431DA-27A3-4B58-86B5-F8AC2DE45798}.Debug|Any CPU.ActiveCfg = Debug|Any CPU
		{A97431DA-27A3-4B58-86B5-F8AC2DE45798}.Debug|Any CPU.Build.0 = Debug|Any CPU
		{A97431DA-27A3-4B58-86B5-F8AC2DE45798}.Release|Any CPU.ActiveCfg = Release|Any CPU
		{A97431DA-27A3-4B58-86B5-F8AC2DE45798}.Release|Any CPU.Build.0 = Release|Any CPU
	EndGlobalSection
	GlobalSection(SolutionProperties) = preSolution
		HideSolutionNode = FALSE
	EndGlobalSection
	GlobalSection(ExtensibilityGlobals) = postSolution
		SolutionGuid = {86DE9675-9D82-4078-942C-11E03A992198}
	EndGlobalSection
EndGlobal
